{
  "lockfileVersion": 1,
  "configVersion": 1,
  "workspaces": {
    "": {
      "dependencies": {
        "@ff-labs/fff-bun": "^0.10.1",
      },
      "devDependencies": {
        "@types/bun": "^1.3.14",
      },
    },
  },
  "packages": {
    "@ff-labs/fff-bin-android-arm64": ["@ff-labs/fff-bin-android-arm64@0.10.1", "", { "os": "android", "cpu": "arm64" }, "sha512-6Bsaa6yKEd2HV1M2WtqSYhoZucKYffIUms6GYoPN48QHP8hZgO8GXJ85/JDxKlkCJsN2hw1ROiwQK0+xUHYhFQ=="],

    "@ff-labs/fff-bin-darwin-arm64": ["@ff-labs/fff-bin-darwin-arm64@0.10.1", "", { "os": "darwin", "cpu": "arm64" }, "sha512-7yUP+56sG3UTrLg7eepOD16yM2dgiD7g6Ase2XWQB7oXwLV7mBMylPKIli2pP3kHzfw9K+BS3WAwHKHJ2QhxYw=="],

    "@ff-labs/fff-bin-darwin-x64": ["@ff-labs/fff-bin-darwin-x64@0.10.1", "", { "os": "darwin", "cpu": "x64" }, "sha512-9zb+P1xtyqu/jVklm5RKF2zm9doRRsBNbkF/a8S4aSqSJoNlQR8ZF7C129fzOLfffVAjjgcO2l8oJgxOzHYiwQ=="],

    "@ff-labs/fff-bin-linux-arm64-gnu": ["@ff-labs/fff-bin-linux-arm64-gnu@0.10.1", "", { "os": "linux", "cpu": "arm64" }, "sha512-KTwr9CUfCJv0vtG2xG+nMxDae/2NJY2/oVmtgSvTnH9baI6JprqsFGphbukx7mdW/QMPwBiYtoO8ZGoC7i92jA=="],

    "@ff-labs/fff-bin-linux-arm64-musl": ["@ff-labs/fff-bin-linux-arm64-musl@0.10.1", "", { "os": "linux", "cpu": "arm64" }, "sha512-oznmSpV+zjiAPiwqbA4y+SAsMaYvDhGllHiT9L4ebdQnSOfcQzlUwvo45OhBPwHBt47tIois4bkF/MITlDk54A=="],

    "@ff-labs/fff-bin-linux-x64-gnu": ["@ff-labs/fff-bin-linux-x64-gnu@0.10.1", "", { "os": "linux", "cpu": "x64" }, "sha512-KDpl8lwSEOauP/6FSJIvnARzE+ILm2rVIRQAio9dc5nn56EvlsryBWry0c5V0Tbw1PV0lNrZ+bzcIiPuTacvzw=="],

    "@ff-labs/fff-bin-linux-x64-musl": ["@ff-labs/fff-bin-linux-x64-musl@0.10.1", "", { "os": "linux", "cpu": "x64" }, "sha512-mZCpojVtGNDr/wdCUEAHdfrl6qORvKHv3Pw35TaOdshnG4wocoA5bBKTGj/zmAU11o0GMK4V+wUhdNrgqoE10w=="],

    "@ff-labs/fff-bin-win32-arm64": ["@ff-labs/fff-bin-win32-arm64@0.10.1", "", { "os": "win32", "cpu": "arm64" }, "sha512-SbT76ETXC5AgV9J8sVDozKG8wzrrxsOn8lbBprlOtx+O5V5EYmS1W7BlsatTHy6ddQ3uU5oOYO04PWZBuP6wXg=="],

    "@ff-labs/fff-bin-win32-x64": ["@ff-labs/fff-bin-win32-x64@0.10.1", "", { "os": "win32", "cpu": "x64" }, "sha512-dcpHUCBEZoXKQCdKa3bADfgcNyeyfM8tatXrILqIFYi9GL8E4GnzKx1rGkgP5ukVtuj0WuoJyyqSvGjpJPIT8w=="],

    "@ff-labs/fff-bun": ["@ff-labs/fff-bun@0.10.1", "", { "optionalDependencies": { "@ff-labs/fff-bin-android-arm64": "0.10.1", "@ff-labs/fff-bin-darwin-arm64": "0.10.1", "@ff-labs/fff-bin-darwin-x64": "0.10.1", "@ff-labs/fff-bin-linux-arm64-gnu": "0.10.1", "@ff-labs/fff-bin-linux-arm64-musl": "0.10.1", "@ff-labs/fff-bin-linux-x64-gnu": "0.10.1", "@ff-labs/fff-bin-linux-x64-musl": "0.10.1", "@ff-labs/fff-bin-win32-arm64": "0.10.1", "@ff-labs/fff-bin-win32-x64": "0.10.1" }, "os": [ "!aix", "!sunos", "!freebsd", "!openbsd", ], "cpu": [ "x64", "arm64", ] }, "sha512-9oUCxypGbf2q3vNfKZ31wdzt5KqjhA9S6TwQaFol/j1lkSHVGvtIa3RvdGHPs1UUuvR/MO7b6pHj054BR9bXPQ=="],

    "@types/bun": ["@types/bun@1.3.14", "", { "dependencies": { "bun-types": "1.3.14" } }, "sha512-h1hFqFVcvAvD9j9K7ZW7vd82aSA+rTdznZa+5bwvCwqSB1jmmfLcbIWhOLx1/+boy/xmjgCs/OMUL8hRJSmnPw=="],

    "@types/node": ["@types/node@26.1.1", "", { "dependencies": { "undici-types": "~8.3.0" } }, "sha512-nxAkRSVkN1Y0JC1W8ky/fTfkGsMmcrRsbx+3XoZE+rMOX71kLYTV7fLXpqud1GpbpP5TuffXFqfX7fH2GgZREw=="],

    "bun-types": ["bun-types@1.3.14", "", { "dependencies": { "@types/node": "*" } }, "sha512-4N0ig0fEomHt5R0KCFWjovxow98rIoRwKolrYdCcknNwMekCXRnWEUvgu5soYV8QXtVsrUD8B95MBOZGPvr6KQ=="],

    "undici-types": ["undici-types@8.3.0", "", {}, "sha512-j375ScV60dom+YkPFIfTLcOiPxkN/buHz5GobjLhixFuANaNs3C9l4GmrWqejgXWJ7BbJcFYpTEUkS1Ge8bpZQ=="],
  }
}
